{
    "_meta": {
        "hash": {
            "sha256": "4e3b71cce1889889b0896a7803c2bc7310c6c086751ef4c8e98e45093fe00d23"
        },
        "pipfile-spec": 6,
        "requires": {
            "python_version": "3.7"
        },
        "sources": [
            {
                "name": "pypi",
                "url": "https://pypi.org/simple",
                "verify_ssl": true
            }
        ]
    },
    "default": {
        "zc-buildout": {
            "hashes": [
                "sha256:968e318d1a8c46acab0e5feddb16358fccc4f7f3c2a3b425a02f3471e2209570"
            ],
            "index": "pypi",
            "version": "==2.13.1"
        }
    },
    "develop": {}
}
